// !$*UTF8*$!
{
	archiveVersion = 1;
	classes = {
	};
	objectVersion = 45;
	objects = {

/* Begin PBXBuildFile section */
		4A64A4D41120967500D4E22D /* SGLayerMapView.h in Headers */ = {isa = PBXBuildFile; fileRef = 4A64A4CF1120967500D4E22D /* SGLayerMapView.h */; };
		4A64A4D51120967500D4E22D /* SGLayerMapView.m in Sources */ = {isa = PBXBuildFile; fileRef = 4A64A4D01120967500D4E22D /* SGLayerMapView.m */; };
		4A64A4D61120967500D4E22D /* SGMapKit_Prefix.pch in Headers */ = {isa = PBXBuildFile; fileRef = 4A64A4D31120967500D4E22D /* SGMapKit_Prefix.pch */; };
		4A68BA6011CEDFDB0090C675 /* SGRecordLine.m in Sources */ = {isa = PBXBuildFile; fileRef = 4A68BA5E11CEDFDB0090C675 /* SGRecordLine.m */; };
		4A68BA6111CEDFDB0090C675 /* SGRecordLine.h in Headers */ = {isa = PBXBuildFile; fileRef = 4A68BA5F11CEDFDB0090C675 /* SGRecordLine.h */; };
		4A752CB311D1174A005E55B9 /* SGDynamicPolylineView.h in Headers */ = {isa = PBXBuildFile; fileRef = 4A752CB111D1174A005E55B9 /* SGDynamicPolylineView.h */; };
		4A752CB411D1174A005E55B9 /* SGDynamicPolylineView.m in Sources */ = {isa = PBXBuildFile; fileRef = 4A752CB211D1174A005E55B9 /* SGDynamicPolylineView.m */; };
		4A752D0E11D156BA005E55B9 /* SGPointHelper.h in Headers */ = {isa = PBXBuildFile; fileRef = 4A752D0C11D156BA005E55B9 /* SGPointHelper.h */; };
		4A752D0F11D156BA005E55B9 /* SGPointHelper.m in Sources */ = {isa = PBXBuildFile; fileRef = 4A752D0D11D156BA005E55B9 /* SGPointHelper.m */; };
		4A910BF511D026F5001B3750 /* SGPointHelper.h in Headers */ = {isa = PBXBuildFile; fileRef = 4A910BEF11D026F5001B3750 /* SGPointHelper.h */; };
		4A910BF611D026F5001B3750 /* SGLocationManager.h in Headers */ = {isa = PBXBuildFile; fileRef = 4A910BF011D026F5001B3750 /* SGLocationManager.h */; };
		4A910BF711D026F5001B3750 /* SGGeoJSON+NSDictionary.h in Headers */ = {isa = PBXBuildFile; fileRef = 4A910BF111D026F5001B3750 /* SGGeoJSON+NSDictionary.h */; };
		4A910BF811D026F5001B3750 /* SGGeoJSON.h in Headers */ = {isa = PBXBuildFile; fileRef = 4A910BF211D026F5001B3750 /* SGGeoJSON.h */; };
		4A910BF911D026F5001B3750 /* SGCommitLog.h in Headers */ = {isa = PBXBuildFile; fileRef = 4A910BF311D026F5001B3750 /* SGCommitLog.h */; };
		4A910BFA11D026F5001B3750 /* SGCacheHandler.h in Headers */ = {isa = PBXBuildFile; fileRef = 4A910BF411D026F5001B3750 /* SGCacheHandler.h */; };
		4A9B8D7911A738C00044D956 /* GeoJSON+NSArray.h in Headers */ = {isa = PBXBuildFile; fileRef = 4A9B8D6411A738C00044D956 /* GeoJSON+NSArray.h */; };
		4A9B8D7A11A738C00044D956 /* GeoJSON+NSDictionary.h in Headers */ = {isa = PBXBuildFile; fileRef = 4A9B8D6511A738C00044D956 /* GeoJSON+NSDictionary.h */; };
		4A9B8D7C11A738C00044D956 /* NSStringAdditions.h in Headers */ = {isa = PBXBuildFile; fileRef = 4A9B8D6711A738C00044D956 /* NSStringAdditions.h */; };
		4A9B8D7D11A738C00044D956 /* SGAdditions.h in Headers */ = {isa = PBXBuildFile; fileRef = 4A9B8D6811A738C00044D956 /* SGAdditions.h */; };
		4A9B8D7E11A738C00044D956 /* SGAuthorization.h in Headers */ = {isa = PBXBuildFile; fileRef = 4A9B8D6911A738C00044D956 /* SGAuthorization.h */; };
		4A9B8D7F11A738C00044D956 /* SGClient.h in Headers */ = {isa = PBXBuildFile; fileRef = 4A9B8D6A11A738C00044D956 /* SGClient.h */; };
		4A9B8D8011A738C00044D956 /* SGGeohashNearbyQuery.h in Headers */ = {isa = PBXBuildFile; fileRef = 4A9B8D6B11A738C00044D956 /* SGGeohashNearbyQuery.h */; };
		4A9B8D8111A738C00044D956 /* SGGeoJSONEncoder.h in Headers */ = {isa = PBXBuildFile; fileRef = 4A9B8D6C11A738C00044D956 /* SGGeoJSONEncoder.h */; };
		4A9B8D8211A738C00044D956 /* SGHistoryQuery.h in Headers */ = {isa = PBXBuildFile; fileRef = 4A9B8D6D11A738C00044D956 /* SGHistoryQuery.h */; };
		4A9B8D8311A738C00044D956 /* SGLatLonNearbyQuery.h in Headers */ = {isa = PBXBuildFile; fileRef = 4A9B8D6E11A738C00044D956 /* SGLatLonNearbyQuery.h */; };
		4A9B8D8411A738C00044D956 /* SGLayer.h in Headers */ = {isa = PBXBuildFile; fileRef = 4A9B8D6F11A738C00044D956 /* SGLayer.h */; };
		4A9B8D8511A738C00044D956 /* SGLocationService.h in Headers */ = {isa = PBXBuildFile; fileRef = 4A9B8D7011A738C00044D956 /* SGLocationService.h */; };
		4A9B8D8611A738C00044D956 /* SGLocationTypes.h in Headers */ = {isa = PBXBuildFile; fileRef = 4A9B8D7111A738C00044D956 /* SGLocationTypes.h */; };
		4A9B8D8711A738C00044D956 /* SGNearbyQuery.h in Headers */ = {isa = PBXBuildFile; fileRef = 4A9B8D7211A738C00044D956 /* SGNearbyQuery.h */; };
		4A9B8D8811A738C00044D956 /* SGOAuth.h in Headers */ = {isa = PBXBuildFile; fileRef = 4A9B8D7311A738C00044D956 /* SGOAuth.h */; };
		4A9B8D8911A738C00044D956 /* SGQuery.h in Headers */ = {isa = PBXBuildFile; fileRef = 4A9B8D7411A738C00044D956 /* SGQuery.h */; };
		4A9B8D8A11A738C00044D956 /* SGRecord.h in Headers */ = {isa = PBXBuildFile; fileRef = 4A9B8D7511A738C00044D956 /* SGRecord.h */; };
		4A9B8D8B11A738C00044D956 /* SGRecordAnnotation.h in Headers */ = {isa = PBXBuildFile; fileRef = 4A9B8D7611A738C00044D956 /* SGRecordAnnotation.h */; };
		4ACA1E1311D26EA90072246E /* MapKit.framework in Frameworks */ = {isa = PBXBuildFile; fileRef = 4AED2974112124AE00672F12 /* MapKit.framework */; };
		4ACA1E1411D26EA90072246E /* UIKit.framework in Frameworks */ = {isa = PBXBuildFile; fileRef = 4AED2976112124AE00672F12 /* UIKit.framework */; };
		4ACA1E1611D26EAC0072246E /* CoreLocation.framework in Frameworks */ = {isa = PBXBuildFile; fileRef = 4AED2972112124AE00672F12 /* CoreLocation.framework */; };
		4ACA1E1711D26EAD0072246E /* Foundation.framework in Frameworks */ = {isa = PBXBuildFile; fileRef = AACBBE490F95108600F1A2B1 /* Foundation.framework */; };
		4ACA1E1911D26EB10072246E /* SGDynamicPolylineView.m in Sources */ = {isa = PBXBuildFile; fileRef = 4A752CB211D1174A005E55B9 /* SGDynamicPolylineView.m */; };
		4ACA1E1A11D26EB10072246E /* SGRecordLine.m in Sources */ = {isa = PBXBuildFile; fileRef = 4A68BA5E11CEDFDB0090C675 /* SGRecordLine.m */; };
		4ACA1E1B11D26EB30072246E /* SGLayerMapView.m in Sources */ = {isa = PBXBuildFile; fileRef = 4A64A4D01120967500D4E22D /* SGLayerMapView.m */; };
		4ACA1E1C11D26EB40072246E /* SGPointHelper.m in Sources */ = {isa = PBXBuildFile; fileRef = 4A752D0D11D156BA005E55B9 /* SGPointHelper.m */; };
		4ACA1E6111D2775A0072246E /* CoreGraphics.framework in Frameworks */ = {isa = PBXBuildFile; fileRef = 4ACA1E6011D2775A0072246E /* CoreGraphics.framework */; };
		4ACA1E7911D277D90072246E /* SGMapKitDemoAppDelegate.m in Sources */ = {isa = PBXBuildFile; fileRef = 4ACA1E7311D277D50072246E /* SGMapKitDemoAppDelegate.m */; };
		4ACA1E7B11D277DB0072246E /* SGMainViewController.m in Sources */ = {isa = PBXBuildFile; fileRef = 4ACA1E7011D277D50072246E /* SGMainViewController.m */; };
		4ACA1E7C11D277DC0072246E /* MainWindow.xib in Resources */ = {isa = PBXBuildFile; fileRef = 4ACA1E6E11D277D50072246E /* MainWindow.xib */; };
		4ACA1E7D11D277DD0072246E /* main.m in Sources */ = {isa = PBXBuildFile; fileRef = 4ACA1E6D11D277D50072246E /* main.m */; };
		4ACA1E9711D278FA0072246E /* SGMapKitDemoApp-Info.plist in Resources */ = {isa = PBXBuildFile; fileRef = 4ACA1E7111D277D50072246E /* SGMapKitDemoApp-Info.plist */; };
		4AED2973112124AE00672F12 /* CoreLocation.framework in Frameworks */ = {isa = PBXBuildFile; fileRef = 4AED2972112124AE00672F12 /* CoreLocation.framework */; };
		4AED2975112124AE00672F12 /* MapKit.framework in Frameworks */ = {isa = PBXBuildFile; fileRef = 4AED2974112124AE00672F12 /* MapKit.framework */; };
		4AED2977112124AE00672F12 /* UIKit.framework in Frameworks */ = {isa = PBXBuildFile; fileRef = 4AED2976112124AE00672F12 /* UIKit.framework */; };
		4AF4C6CA11D28E12000F6788 /* Token.plist in Resources */ = {isa = PBXBuildFile; fileRef = 4AF4C6C911D28E12000F6788 /* Token.plist */; };
		AACBBE4A0F95108600F1A2B1 /* Foundation.framework in Frameworks */ = {isa = PBXBuildFile; fileRef = AACBBE490F95108600F1A2B1 /* Foundation.framework */; };
/* End PBXBuildFile section */

/* Begin PBXFileReference section */
		4A64A4CF1120967500D4E22D /* SGLayerMapView.h */ = {isa = PBXFileReference; fileEncoding = 4; lastKnownFileType = sourcecode.c.h; path = SGLayerMapView.h; sourceTree = "<group>"; };
		4A64A4D01120967500D4E22D /* SGLayerMapView.m */ = {isa = PBXFileReference; fileEncoding = 4; lastKnownFileType = sourcecode.c.objc; path = SGLayerMapView.m; sourceTree = "<group>"; };
		4A64A4D11120967500D4E22D /* README */ = {isa = PBXFileReference; fileEncoding = 4; lastKnownFileType = text; path = README; sourceTree = "<group>"; };
		4A64A4D31120967500D4E22D /* SGMapKit_Prefix.pch */ = {isa = PBXFileReference; fileEncoding = 4; lastKnownFileType = sourcecode.c.h; path = SGMapKit_Prefix.pch; sourceTree = "<group>"; };
		4A64B5F51120D55D00D4E22D /* build_mapkit */ = {isa = PBXFileReference; fileEncoding = 4; lastKnownFileType = text.script.sh; path = build_mapkit; sourceTree = "<group>"; };
		4A68BA5E11CEDFDB0090C675 /* SGRecordLine.m */ = {isa = PBXFileReference; fileEncoding = 4; lastKnownFileType = sourcecode.c.objc; path = SGRecordLine.m; sourceTree = "<group>"; };
		4A68BA5F11CEDFDB0090C675 /* SGRecordLine.h */ = {isa = PBXFileReference; fileEncoding = 4; lastKnownFileType = sourcecode.c.h; path = SGRecordLine.h; sourceTree = "<group>"; };
		4A752CB111D1174A005E55B9 /* SGDynamicPolylineView.h */ = {isa = PBXFileReference; fileEncoding = 4; lastKnownFileType = sourcecode.c.h; path = SGDynamicPolylineView.h; sourceTree = "<group>"; };
		4A752CB211D1174A005E55B9 /* SGDynamicPolylineView.m */ = {isa = PBXFileReference; fileEncoding = 4; lastKnownFileType = sourcecode.c.objc; path = SGDynamicPolylineView.m; sourceTree = "<group>"; };
		4A752D0C11D156BA005E55B9 /* SGPointHelper.h */ = {isa = PBXFileReference; fileEncoding = 4; lastKnownFileType = sourcecode.c.h; path = SGPointHelper.h; sourceTree = "<group>"; };
		4A752D0D11D156BA005E55B9 /* SGPointHelper.m */ = {isa = PBXFileReference; fileEncoding = 4; lastKnownFileType = sourcecode.c.objc; path = SGPointHelper.m; sourceTree = "<group>"; };
		4A910BEF11D026F5001B3750 /* SGPointHelper.h */ = {isa = PBXFileReference; fileEncoding = 4; lastKnownFileType = sourcecode.c.h; path = SGPointHelper.h; sourceTree = "<group>"; };
		4A910BF011D026F5001B3750 /* SGLocationManager.h */ = {isa = PBXFileReference; fileEncoding = 4; lastKnownFileType = sourcecode.c.h; path = SGLocationManager.h; sourceTree = "<group>"; };
		4A910BF111D026F5001B3750 /* SGGeoJSON+NSDictionary.h */ = {isa = PBXFileReference; fileEncoding = 4; lastKnownFileType = sourcecode.c.h; path = "SGGeoJSON+NSDictionary.h"; sourceTree = "<group>"; };
		4A910BF211D026F5001B3750 /* SGGeoJSON.h */ = {isa = PBXFileReference; fileEncoding = 4; lastKnownFileType = sourcecode.c.h; path = SGGeoJSON.h; sourceTree = "<group>"; };
		4A910BF311D026F5001B3750 /* SGCommitLog.h */ = {isa = PBXFileReference; fileEncoding = 4; lastKnownFileType = sourcecode.c.h; path = SGCommitLog.h; sourceTree = "<group>"; };
		4A910BF411D026F5001B3750 /* SGCacheHandler.h */ = {isa = PBXFileReference; fileEncoding = 4; lastKnownFileType = sourcecode.c.h; path = SGCacheHandler.h; sourceTree = "<group>"; };
		4A9B8D6411A738C00044D956 /* GeoJSON+NSArray.h */ = {isa = PBXFileReference; fileEncoding = 4; lastKnownFileType = sourcecode.c.h; path = "GeoJSON+NSArray.h"; sourceTree = "<group>"; };
		4A9B8D6511A738C00044D956 /* GeoJSON+NSDictionary.h */ = {isa = PBXFileReference; fileEncoding = 4; lastKnownFileType = sourcecode.c.h; path = "GeoJSON+NSDictionary.h"; sourceTree = "<group>"; };
		4A9B8D6711A738C00044D956 /* NSStringAdditions.h */ = {isa = PBXFileReference; fileEncoding = 4; lastKnownFileType = sourcecode.c.h; path = NSStringAdditions.h; sourceTree = "<group>"; };
		4A9B8D6811A738C00044D956 /* SGAdditions.h */ = {isa = PBXFileReference; fileEncoding = 4; lastKnownFileType = sourcecode.c.h; path = SGAdditions.h; sourceTree = "<group>"; };
		4A9B8D6911A738C00044D956 /* SGAuthorization.h */ = {isa = PBXFileReference; fileEncoding = 4; lastKnownFileType = sourcecode.c.h; path = SGAuthorization.h; sourceTree = "<group>"; };
		4A9B8D6A11A738C00044D956 /* SGClient.h */ = {isa = PBXFileReference; fileEncoding = 4; lastKnownFileType = sourcecode.c.h; path = SGClient.h; sourceTree = "<group>"; };
		4A9B8D6B11A738C00044D956 /* SGGeohashNearbyQuery.h */ = {isa = PBXFileReference; fileEncoding = 4; lastKnownFileType = sourcecode.c.h; path = SGGeohashNearbyQuery.h; sourceTree = "<group>"; };
		4A9B8D6C11A738C00044D956 /* SGGeoJSONEncoder.h */ = {isa = PBXFileReference; fileEncoding = 4; lastKnownFileType = sourcecode.c.h; path = SGGeoJSONEncoder.h; sourceTree = "<group>"; };
		4A9B8D6D11A738C00044D956 /* SGHistoryQuery.h */ = {isa = PBXFileReference; fileEncoding = 4; lastKnownFileType = sourcecode.c.h; path = SGHistoryQuery.h; sourceTree = "<group>"; };
		4A9B8D6E11A738C00044D956 /* SGLatLonNearbyQuery.h */ = {isa = PBXFileReference; fileEncoding = 4; lastKnownFileType = sourcecode.c.h; path = SGLatLonNearbyQuery.h; sourceTree = "<group>"; };
		4A9B8D6F11A738C00044D956 /* SGLayer.h */ = {isa = PBXFileReference; fileEncoding = 4; lastKnownFileType = sourcecode.c.h; path = SGLayer.h; sourceTree = "<group>"; };
		4A9B8D7011A738C00044D956 /* SGLocationService.h */ = {isa = PBXFileReference; fileEncoding = 4; lastKnownFileType = sourcecode.c.h; path = SGLocationService.h; sourceTree = "<group>"; };
		4A9B8D7111A738C00044D956 /* SGLocationTypes.h */ = {isa = PBXFileReference; fileEncoding = 4; lastKnownFileType = sourcecode.c.h; path = SGLocationTypes.h; sourceTree = "<group>"; };
		4A9B8D7211A738C00044D956 /* SGNearbyQuery.h */ = {isa = PBXFileReference; fileEncoding = 4; lastKnownFileType = sourcecode.c.h; path = SGNearbyQuery.h; sourceTree = "<group>"; };
		4A9B8D7311A738C00044D956 /* SGOAuth.h */ = {isa = PBXFileReference; fileEncoding = 4; lastKnownFileType = sourcecode.c.h; path = SGOAuth.h; sourceTree = "<group>"; };
		4A9B8D7411A738C00044D956 /* SGQuery.h */ = {isa = PBXFileReference; fileEncoding = 4; lastKnownFileType = sourcecode.c.h; path = SGQuery.h; sourceTree = "<group>"; };
		4A9B8D7511A738C00044D956 /* SGRecord.h */ = {isa = PBXFileReference; fileEncoding = 4; lastKnownFileType = sourcecode.c.h; path = SGRecord.h; sourceTree = "<group>"; };
		4A9B8D7611A738C00044D956 /* SGRecordAnnotation.h */ = {isa = PBXFileReference; fileEncoding = 4; lastKnownFileType = sourcecode.c.h; path = SGRecordAnnotation.h; sourceTree = "<group>"; };
		4ACA1DFF11D26DDD0072246E /* SGMapKitDemoApp.app */ = {isa = PBXFileReference; explicitFileType = wrapper.application; includeInIndex = 0; path = SGMapKitDemoApp.app; sourceTree = BUILT_PRODUCTS_DIR; };
		4ACA1E6011D2775A0072246E /* CoreGraphics.framework */ = {isa = PBXFileReference; lastKnownFileType = wrapper.framework; name = CoreGraphics.framework; path = System/Library/Frameworks/CoreGraphics.framework; sourceTree = SDKROOT; };
		4ACA1E6D11D277D50072246E /* main.m */ = {isa = PBXFileReference; fileEncoding = 4; lastKnownFileType = sourcecode.c.objc; path = main.m; sourceTree = "<group>"; };
		4ACA1E6E11D277D50072246E /* MainWindow.xib */ = {isa = PBXFileReference; lastKnownFileType = file.xib; path = MainWindow.xib; sourceTree = "<group>"; };
		4ACA1E6F11D277D50072246E /* SGMainViewController.h */ = {isa = PBXFileReference; fileEncoding = 4; lastKnownFileType = sourcecode.c.h; path = SGMainViewController.h; sourceTree = "<group>"; };
		4ACA1E7011D277D50072246E /* SGMainViewController.m */ = {isa = PBXFileReference; fileEncoding = 4; lastKnownFileType = sourcecode.c.objc; path = SGMainViewController.m; sourceTree = "<group>"; };
		4ACA1E7111D277D50072246E /* SGMapKitDemoApp-Info.plist */ = {isa = PBXFileReference; fileEncoding = 4; lastKnownFileType = text.plist.xml; path = "SGMapKitDemoApp-Info.plist"; sourceTree = "<group>"; };
		4ACA1E7211D277D50072246E /* SGMapKitDemoAppDelegate.h */ = {isa = PBXFileReference; fileEncoding = 4; lastKnownFileType = sourcecode.c.h; path = SGMapKitDemoAppDelegate.h; sourceTree = "<group>"; };
		4ACA1E7311D277D50072246E /* SGMapKitDemoAppDelegate.m */ = {isa = PBXFileReference; fileEncoding = 4; lastKnownFileType = sourcecode.c.objc; path = SGMapKitDemoAppDelegate.m; sourceTree = "<group>"; };
		4AED2972112124AE00672F12 /* CoreLocation.framework */ = {isa = PBXFileReference; lastKnownFileType = wrapper.framework; name = CoreLocation.framework; path = System/Library/Frameworks/CoreLocation.framework; sourceTree = SDKROOT; };
		4AED2974112124AE00672F12 /* MapKit.framework */ = {isa = PBXFileReference; lastKnownFileType = wrapper.framework; name = MapKit.framework; path = System/Library/Frameworks/MapKit.framework; sourceTree = SDKROOT; };
		4AED2976112124AE00672F12 /* UIKit.framework */ = {isa = PBXFileReference; lastKnownFileType = wrapper.framework; name = UIKit.framework; path = System/Library/Frameworks/UIKit.framework; sourceTree = SDKROOT; };
		4AF4C6C911D28E12000F6788 /* Token.plist */ = {isa = PBXFileReference; fileEncoding = 4; lastKnownFileType = text.plist.xml; path = Token.plist; sourceTree = "<group>"; };
		4AF85B3C11A5E83400B97ADA /* LICENSE */ = {isa = PBXFileReference; fileEncoding = 4; lastKnownFileType = text; path = LICENSE; sourceTree = "<group>"; };
		AACBBE490F95108600F1A2B1 /* Foundation.framework */ = {isa = PBXFileReference; lastKnownFileType = wrapper.framework; name = Foundation.framework; path = System/Library/Frameworks/Foundation.framework; sourceTree = SDKROOT; };
		D2AAC07E0554694100DB518D /* libSGMapKit.a */ = {isa = PBXFileReference; explicitFileType = archive.ar; includeInIndex = 0; path = libSGMapKit.a; sourceTree = BUILT_PRODUCTS_DIR; };
/* End PBXFileReference section */

/* Begin PBXFrameworksBuildPhase section */
		4ACA1DFD11D26DDD0072246E /* Frameworks */ = {
			isa = PBXFrameworksBuildPhase;
			buildActionMask = 2147483647;
			files = (
				4ACA1E1311D26EA90072246E /* MapKit.framework in Frameworks */,
				4ACA1E1411D26EA90072246E /* UIKit.framework in Frameworks */,
				4ACA1E1611D26EAC0072246E /* CoreLocation.framework in Frameworks */,
				4ACA1E1711D26EAD0072246E /* Foundation.framework in Frameworks */,
				4ACA1E6111D2775A0072246E /* CoreGraphics.framework in Frameworks */,
			);
			runOnlyForDeploymentPostprocessing = 0;
		};
		D2AAC07C0554694100DB518D /* Frameworks */ = {
			isa = PBXFrameworksBuildPhase;
			buildActionMask = 2147483647;
			files = (
				AACBBE4A0F95108600F1A2B1 /* Foundation.framework in Frameworks */,
				4AED2973112124AE00672F12 /* CoreLocation.framework in Frameworks */,
				4AED2975112124AE00672F12 /* MapKit.framework in Frameworks */,
				4AED2977112124AE00672F12 /* UIKit.framework in Frameworks */,
			);
			runOnlyForDeploymentPostprocessing = 0;
		};
/* End PBXFrameworksBuildPhase section */

/* Begin PBXGroup section */
		034768DFFF38A50411DB9C8B /* Products */ = {
			isa = PBXGroup;
			children = (
				D2AAC07E0554694100DB518D /* libSGMapKit.a */,
				4ACA1DFF11D26DDD0072246E /* SGMapKitDemoApp.app */,
			);
			name = Products;
			sourceTree = "<group>";
		};
		0867D691FE84028FC02AAC07 /* SGMapClient */ = {
			isa = PBXGroup;
			children = (
				4ACA1E6C11D277D50072246E /* DemoApp */,
				4A9B8D6011A738C00044D956 /* SGClient */,
				4A64B5F51120D55D00D4E22D /* build_mapkit */,
				4A64A4CD1120967500D4E22D /* Classes */,
				4A64A4D11120967500D4E22D /* README */,
				4A64A4D21120967500D4E22D /* Resources */,
				0867D69AFE84028FC02AAC07 /* Frameworks */,
				034768DFFF38A50411DB9C8B /* Products */,
				4AF85B3C11A5E83400B97ADA /* LICENSE */,
			);
			name = SGMapClient;
			sourceTree = "<group>";
		};
		0867D69AFE84028FC02AAC07 /* Frameworks */ = {
			isa = PBXGroup;
			children = (
				AACBBE490F95108600F1A2B1 /* Foundation.framework */,
				4AED2972112124AE00672F12 /* CoreLocation.framework */,
				4AED2974112124AE00672F12 /* MapKit.framework */,
				4AED2976112124AE00672F12 /* UIKit.framework */,
				4ACA1E6011D2775A0072246E /* CoreGraphics.framework */,
			);
			name = Frameworks;
			sourceTree = "<group>";
		};
		4A64A4CD1120967500D4E22D /* Classes */ = {
			isa = PBXGroup;
			children = (
				4A752D0B11D156BA005E55B9 /* Utilities */,
				4A859EBB11C1389E00F50676 /* Model */,
				4A64A4CE1120967500D4E22D /* Views */,
			);
			path = Classes;
			sourceTree = "<group>";
		};
		4A64A4CE1120967500D4E22D /* Views */ = {
			isa = PBXGroup;
			children = (
				4A64A4CF1120967500D4E22D /* SGLayerMapView.h */,
				4A64A4D01120967500D4E22D /* SGLayerMapView.m */,
				4A752CB111D1174A005E55B9 /* SGDynamicPolylineView.h */,
				4A752CB211D1174A005E55B9 /* SGDynamicPolylineView.m */,
			);
			path = Views;
			sourceTree = "<group>";
		};
		4A64A4D21120967500D4E22D /* Resources */ = {
			isa = PBXGroup;
			children = (
				4A64A4D31120967500D4E22D /* SGMapKit_Prefix.pch */,
			);
			path = Resources;
			sourceTree = "<group>";
		};
		4A752D0B11D156BA005E55B9 /* Utilities */ = {
			isa = PBXGroup;
			children = (
				4A752D0C11D156BA005E55B9 /* SGPointHelper.h */,
				4A752D0D11D156BA005E55B9 /* SGPointHelper.m */,
			);
			path = Utilities;
			sourceTree = "<group>";
		};
		4A859EBB11C1389E00F50676 /* Model */ = {
			isa = PBXGroup;
			children = (
				4A68BA5E11CEDFDB0090C675 /* SGRecordLine.m */,
				4A68BA5F11CEDFDB0090C675 /* SGRecordLine.h */,
			);
			path = Model;
			sourceTree = "<group>";
		};
		4A9B8D6011A738C00044D956 /* SGClient */ = {
			isa = PBXGroup;
			children = (
				4A9B8D6311A738C00044D956 /* Headers */,
				4A9B8D7711A738C00044D956 /* iphoneos */,
				4A9B8D7811A738C00044D956 /* iphonesimulator */,
			);
			path = SGClient;
			sourceTree = "<group>";
		};
		4A9B8D6311A738C00044D956 /* Headers */ = {
			isa = PBXGroup;
			children = (
				4A910BEF11D026F5001B3750 /* SGPointHelper.h */,
				4A910BF011D026F5001B3750 /* SGLocationManager.h */,
				4A910BF111D026F5001B3750 /* SGGeoJSON+NSDictionary.h */,
				4A910BF211D026F5001B3750 /* SGGeoJSON.h */,
				4A910BF311D026F5001B3750 /* SGCommitLog.h */,
				4A910BF411D026F5001B3750 /* SGCacheHandler.h */,
				4A9B8D6411A738C00044D956 /* GeoJSON+NSArray.h */,
				4A9B8D6511A738C00044D956 /* GeoJSON+NSDictionary.h */,
				4A9B8D6711A738C00044D956 /* NSStringAdditions.h */,
				4A9B8D6811A738C00044D956 /* SGAdditions.h */,
				4A9B8D6911A738C00044D956 /* SGAuthorization.h */,
				4A9B8D6A11A738C00044D956 /* SGClient.h */,
				4A9B8D6B11A738C00044D956 /* SGGeohashNearbyQuery.h */,
				4A9B8D6C11A738C00044D956 /* SGGeoJSONEncoder.h */,
				4A9B8D6D11A738C00044D956 /* SGHistoryQuery.h */,
				4A9B8D6E11A738C00044D956 /* SGLatLonNearbyQuery.h */,
				4A9B8D6F11A738C00044D956 /* SGLayer.h */,
				4A9B8D7011A738C00044D956 /* SGLocationService.h */,
				4A9B8D7111A738C00044D956 /* SGLocationTypes.h */,
				4A9B8D7211A738C00044D956 /* SGNearbyQuery.h */,
				4A9B8D7311A738C00044D956 /* SGOAuth.h */,
				4A9B8D7411A738C00044D956 /* SGQuery.h */,
				4A9B8D7511A738C00044D956 /* SGRecord.h */,
				4A9B8D7611A738C00044D956 /* SGRecordAnnotation.h */,
			);
			path = Headers;
			sourceTree = "<group>";
		};
		4A9B8D7711A738C00044D956 /* iphoneos */ = {
			isa = PBXGroup;
			children = (
			);
			path = iphoneos;
			sourceTree = "<group>";
		};
		4A9B8D7811A738C00044D956 /* iphonesimulator */ = {
			isa = PBXGroup;
			children = (
			);
			path = iphonesimulator;
			sourceTree = "<group>";
		};
		4ACA1E6C11D277D50072246E /* DemoApp */ = {
			isa = PBXGroup;
			children = (
				4ACA1E6D11D277D50072246E /* main.m */,
				4ACA1E6E11D277D50072246E /* MainWindow.xib */,
				4ACA1E6F11D277D50072246E /* SGMainViewController.h */,
				4ACA1E7011D277D50072246E /* SGMainViewController.m */,
				4ACA1E7111D277D50072246E /* SGMapKitDemoApp-Info.plist */,
				4ACA1E7211D277D50072246E /* SGMapKitDemoAppDelegate.h */,
				4ACA1E7311D277D50072246E /* SGMapKitDemoAppDelegate.m */,
				4AF4C6C911D28E12000F6788 /* Token.plist */,
			);
			path = DemoApp;
			sourceTree = "<group>";
		};
/* End PBXGroup section */

/* Begin PBXHeadersBuildPhase section */
		D2AAC07A0554694100DB518D /* Headers */ = {
			isa = PBXHeadersBuildPhase;
			buildActionMask = 2147483647;
			files = (
				4A64A4D41120967500D4E22D /* SGLayerMapView.h in Headers */,
				4A64A4D61120967500D4E22D /* SGMapKit_Prefix.pch in Headers */,
				4A9B8D7911A738C00044D956 /* GeoJSON+NSArray.h in Headers */,
				4A9B8D7A11A738C00044D956 /* GeoJSON+NSDictionary.h in Headers */,
				4A9B8D7C11A738C00044D956 /* NSStringAdditions.h in Headers */,
				4A9B8D7D11A738C00044D956 /* SGAdditions.h in Headers */,
				4A9B8D7E11A738C00044D956 /* SGAuthorization.h in Headers */,
				4A9B8D7F11A738C00044D956 /* SGClient.h in Headers */,
				4A9B8D8011A738C00044D956 /* SGGeohashNearbyQuery.h in Headers */,
				4A9B8D8111A738C00044D956 /* SGGeoJSONEncoder.h in Headers */,
				4A9B8D8211A738C00044D956 /* SGHistoryQuery.h in Headers */,
				4A9B8D8311A738C00044D956 /* SGLatLonNearbyQuery.h in Headers */,
				4A9B8D8411A738C00044D956 /* SGLayer.h in Headers */,
				4A9B8D8511A738C00044D956 /* SGLocationService.h in Headers */,
				4A9B8D8611A738C00044D956 /* SGLocationTypes.h in Headers */,
				4A9B8D8711A738C00044D956 /* SGNearbyQuery.h in Headers */,
				4A9B8D8811A738C00044D956 /* SGOAuth.h in Headers */,
				4A9B8D8911A738C00044D956 /* SGQuery.h in Headers */,
				4A9B8D8A11A738C00044D956 /* SGRecord.h in Headers */,
				4A9B8D8B11A738C00044D956 /* SGRecordAnnotation.h in Headers */,
				4A68BA6111CEDFDB0090C675 /* SGRecordLine.h in Headers */,
				4A910BF511D026F5001B3750 /* SGPointHelper.h in Headers */,
				4A910BF611D026F5001B3750 /* SGLocationManager.h in Headers */,
				4A910BF711D026F5001B3750 /* SGGeoJSON+NSDictionary.h in Headers */,
				4A910BF811D026F5001B3750 /* SGGeoJSON.h in Headers */,
				4A910BF911D026F5001B3750 /* SGCommitLog.h in Headers */,
				4A910BFA11D026F5001B3750 /* SGCacheHandler.h in Headers */,
				4A752CB311D1174A005E55B9 /* SGDynamicPolylineView.h in Headers */,
				4A752D0E11D156BA005E55B9 /* SGPointHelper.h in Headers */,
			);
			runOnlyForDeploymentPostprocessing = 0;
		};
/* End PBXHeadersBuildPhase section */

/* Begin PBXNativeTarget section */
		4ACA1DFE11D26DDD0072246E /* SGMapKitDemoApp */ = {
			isa = PBXNativeTarget;
			buildConfigurationList = 4ACA1E0411D26DDD0072246E /* Build configuration list for PBXNativeTarget "SGMapKitDemoApp" */;
			buildPhases = (
				4ACA1DFB11D26DDD0072246E /* Resources */,
				4ACA1DFC11D26DDD0072246E /* Sources */,
				4ACA1DFD11D26DDD0072246E /* Frameworks */,
			);
			buildRules = (
			);
			dependencies = (
			);
			name = SGMapKitDemoApp;
			productName = SGMapKitDemoApp;
			productReference = 4ACA1DFF11D26DDD0072246E /* SGMapKitDemoApp.app */;
			productType = "com.apple.product-type.application";
		};
		D2AAC07D0554694100DB518D /* SGMapKit */ = {
			isa = PBXNativeTarget;
			buildConfigurationList = 1DEB921E08733DC00010E9CD /* Build configuration list for PBXNativeTarget "SGMapKit" */;
			buildPhases = (
				D2AAC07A0554694100DB518D /* Headers */,
				D2AAC07B0554694100DB518D /* Sources */,
				D2AAC07C0554694100DB518D /* Frameworks */,
			);
			buildRules = (
			);
			dependencies = (
			);
			name = SGMapKit;
			productName = SGMapClient;
			productReference = D2AAC07E0554694100DB518D /* libSGMapKit.a */;
			productType = "com.apple.product-type.library.static";
		};
/* End PBXNativeTarget section */

/* Begin PBXProject section */
		0867D690FE84028FC02AAC07 /* Project object */ = {
			isa = PBXProject;
			attributes = {
				ORGANIZATIONNAME = SimpleGeo;
			};
			buildConfigurationList = 1DEB922208733DC00010E9CD /* Build configuration list for PBXProject "SGMapKit" */;
			compatibilityVersion = "Xcode 3.1";
			hasScannedForEncodings = 1;
			mainGroup = 0867D691FE84028FC02AAC07 /* SGMapClient */;
			productRefGroup = 034768DFFF38A50411DB9C8B /* Products */;
			projectDirPath = "";
			projectRoot = "";
			targets = (
				D2AAC07D0554694100DB518D /* SGMapKit */,
				4ACA1DFE11D26DDD0072246E /* SGMapKitDemoApp */,
			);
		};
/* End PBXProject section */

/* Begin PBXResourcesBuildPhase section */
		4ACA1DFB11D26DDD0072246E /* Resources */ = {
			isa = PBXResourcesBuildPhase;
			buildActionMask = 2147483647;
			files = (
				4ACA1E7C11D277DC0072246E /* MainWindow.xib in Resources */,
				4ACA1E9711D278FA0072246E /* SGMapKitDemoApp-Info.plist in Resources */,
				4AF4C6CA11D28E12000F6788 /* Token.plist in Resources */,
			);
			runOnlyForDeploymentPostprocessing = 0;
		};
/* End PBXResourcesBuildPhase section */

/* Begin PBXSourcesBuildPhase section */
		4ACA1DFC11D26DDD0072246E /* Sources */ = {
			isa = PBXSourcesBuildPhase;
			buildActionMask = 2147483647;
			files = (
				4ACA1E1911D26EB10072246E /* SGDynamicPolylineView.m in Sources */,
				4ACA1E1A11D26EB10072246E /* SGRecordLine.m in Sources */,
				4ACA1E1B11D26EB30072246E /* SGLayerMapView.m in Sources */,
				4ACA1E1C11D26EB40072246E /* SGPointHelper.m in Sources */,
				4ACA1E7911D277D90072246E /* SGMapKitDemoAppDelegate.m in Sources */,
				4ACA1E7B11D277DB0072246E /* SGMainViewController.m in Sources */,
				4ACA1E7D11D277DD0072246E /* main.m in Sources */,
			);
			runOnlyForDeploymentPostprocessing = 0;
		};
		D2AAC07B0554694100DB518D /* Sources */ = {
			isa = PBXSourcesBuildPhase;
			buildActionMask = 2147483647;
			files = (
				4A64A4D51120967500D4E22D /* SGLayerMapView.m in Sources */,
				4A68BA6011CEDFDB0090C675 /* SGRecordLine.m in Sources */,
				4A752CB411D1174A005E55B9 /* SGDynamicPolylineView.m in Sources */,
				4A752D0F11D156BA005E55B9 /* SGPointHelper.m in Sources */,
			);
			runOnlyForDeploymentPostprocessing = 0;
		};
/* End PBXSourcesBuildPhase section */

/* Begin XCBuildConfiguration section */
		1DEB921F08733DC00010E9CD /* Debug */ = {
			isa = XCBuildConfiguration;
			buildSettings = {
				ALWAYS_SEARCH_USER_PATHS = NO;
				ARCHS = "$(ARCHS_STANDARD_32_BIT)";
				COPY_PHASE_STRIP = NO;
				DSTROOT = /tmp/SGMapKit.dst;
				GCC_DYNAMIC_NO_PIC = NO;
				GCC_ENABLE_FIX_AND_CONTINUE = YES;
				GCC_MODEL_TUNING = G5;
				GCC_OPTIMIZATION_LEVEL = 0;
				GCC_PRECOMPILE_PREFIX_HEADER = YES;
				GCC_PREFIX_HEADER = Resources/SGMapKit_Prefix.pch;
				INSTALL_PATH = /usr/local/lib;
				LIBRARY_SEARCH_PATHS = (
					"$(inherited)",
					"\"$(SRCROOT)/SGClient/$(PLATFORM_NAME)\"",
					"\"$(SRCROOT)/SGClient/iphonesimulator\"",
				);
				OTHER_LDFLAGS = "";
				PRODUCT_NAME = SGMapKit;
				SDKROOT = iphoneos4.0;
			};
			name = Debug;
		};
		1DEB922008733DC00010E9CD /* Release */ = {
			isa = XCBuildConfiguration;
			buildSettings = {
				ALWAYS_SEARCH_USER_PATHS = NO;
				ARCHS = "$(ARCHS_STANDARD_32_BIT)";
				DSTROOT = /tmp/SGMapKit.dst;
				GCC_MODEL_TUNING = G5;
				GCC_PRECOMPILE_PREFIX_HEADER = YES;
				GCC_PREFIX_HEADER = Resources/SGMapKit_Prefix.pch;
				GCC_PREPROCESSOR_DEFINITIONS = "";
				INSTALL_PATH = /usr/local/lib;
				LIBRARY_SEARCH_PATHS = (
					"$(inherited)",
					"\"$(SRCROOT)/SGClient/$(PLATFORM_NAME)\"",
					"\"$(SRCROOT)/SGClient/iphonesimulator\"",
				);
				OTHER_LDFLAGS = "";
				PRODUCT_NAME = SGMapKit;
				SDKROOT = iphoneos3.1;
			};
			name = Release;
		};
		1DEB922308733DC00010E9CD /* Debug */ = {
			isa = XCBuildConfiguration;
			buildSettings = {
				ARCHS = "$(ARCHS_STANDARD_32_BIT)";
				GCC_C_LANGUAGE_STANDARD = c99;
				GCC_OPTIMIZATION_LEVEL = 0;
				GCC_WARN_ABOUT_RETURN_TYPE = YES;
				GCC_WARN_UNUSED_VARIABLE = YES;
				OTHER_LDFLAGS = "-ObjC";
				PREBINDING = NO;
				SDKROOT = iphoneos4.0;
			};
			name = Debug;
		};
		1DEB922408733DC00010E9CD /* Release */ = {
			isa = XCBuildConfiguration;
			buildSettings = {
				ARCHS = "$(ARCHS_STANDARD_32_BIT)";
				GCC_C_LANGUAGE_STANDARD = c99;
				GCC_WARN_ABOUT_RETURN_TYPE = YES;
				GCC_WARN_UNUSED_VARIABLE = YES;
				OTHER_LDFLAGS = "-ObjC";
				PREBINDING = NO;
				SDKROOT = iphoneos3.2;
			};
			name = Release;
		};
		4ACA1E0211D26DDD0072246E /* Debug */ = {
			isa = XCBuildConfiguration;
			buildSettings = {
				ALWAYS_SEARCH_USER_PATHS = NO;
				CODE_SIGN_IDENTITY = "iPhone Developer";
				COPY_PHASE_STRIP = NO;
				GCC_DYNAMIC_NO_PIC = NO;
				GCC_OPTIMIZATION_LEVEL = 0;
				GCC_PRECOMPILE_PREFIX_HEADER = YES;
				GCC_PREFIX_HEADER = Resources/SGMapKit_Prefix.pch;
				HEADER_SEARCH_PATHS = "SGClient/$(PLATFORM_NAME)/Headers/**";
				INFOPLIST_FILE = "DemoApp/SGMapKitDemoApp-Info.plist";
				INSTALL_PATH = "$(HOME)/Applications";
				LIBRARY_SEARCH_PATHS = "SGClient/$(PLATFORM_NAME)";
				OTHER_LDFLAGS = (
					"-all_load",
					"-framework",
					Foundation,
					"-framework",
					UIKit,
					"-ObjC",
					"-l",
					SGClient,
				);
				PREBINDING = NO;
				PRODUCT_NAME = SGMapKitDemoApp;
				SDKROOT = iphoneos4.0;
			};
			name = Debug;
		};
		4ACA1E0311D26DDD0072246E /* Release */ = {
			isa = XCBuildConfiguration;
			buildSettings = {
				ALWAYS_SEARCH_USER_PATHS = NO;
				CODE_SIGN_IDENTITY = "iPhone Developer";
				COPY_PHASE_STRIP = YES;
				DEBUG_INFORMATION_FORMAT = "dwarf-with-dsym";
				GCC_ENABLE_FIX_AND_CONTINUE = NO;
				GCC_PRECOMPILE_PREFIX_HEADER = YES;
				GCC_PREFIX_HEADER = "$(SYSTEM_LIBRARY_DIR)/Frameworks/UIKit.framework/Headers/UIKit.h";
				INFOPLIST_FILE = "SGMapKitDemoApp-Info.plist";
				INSTALL_PATH = "$(HOME)/Applications";
				OTHER_LDFLAGS = (
					"-framework",
					Foundation,
					"-framework",
					UIKit,
				);
				PREBINDING = NO;
				PRODUCT_NAME = SGMapKitDemoApp;
				SDKROOT = iphoneos4.0;
				ZERO_LINK = NO;
			};
			name = Release;
		};
/* End XCBuildConfiguration section */

/* Begin XCConfigurationList section */
		1DEB921E08733DC00010E9CD /* Build configuration list for PBXNativeTarget "SGMapKit" */ = {
			isa = XCConfigurationList;
			buildConfigurations = (
				1DEB921F08733DC00010E9CD /* Debug */,
				1DEB922008733DC00010E9CD /* Release */,
			);
			defaultConfigurationIsVisible = 0;
			defaultConfigurationName = Release;
		};
		1DEB922208733DC00010E9CD /* Build configuration list for PBXProject "SGMapKit" */ = {
			isa = XCConfigurationList;
			buildConfigurations = (
				1DEB922308733DC00010E9CD /* Debug */,
				1DEB922408733DC00010E9CD /* Release */,
			);
			defaultConfigurationIsVisible = 0;
			defaultConfigurationName = Release;
		};
		4ACA1E0411D26DDD0072246E /* Build configuration list for PBXNativeTarget "SGMapKitDemoApp" */ = {
			isa = XCConfigurationList;
			buildConfigurations = (
				4ACA1E0211D26DDD0072246E /* Debug */,
				4ACA1E0311D26DDD0072246E /* Release */,
			);
			defaultConfigurationIsVisible = 0;
			defaultConfigurationName = Release;
		};
/* End XCConfigurationList section */
	};
	rootObject = 0867D690FE84028FC02AAC07 /* Project object */;
}
