// !$*UTF8*$!
{
	archiveVersion = 1;
	classes = {
	};
	objectVersion = 45;
	objects = {

/* Begin PBXBuildFile section */
		4A64A4D41120967500D4E22D /* SGLayerMapView.h in Headers */ = {isa = PBXBuildFile; fileRef = 4A64A4CF1120967500D4E22D /* SGLayerMapView.h */; };
		4A64A4D51120967500D4E22D /* SGLayerMapView.m in Sources */ = {isa = PBXBuildFile; fileRef = 4A64A4D01120967500D4E22D /* SGLayerMapView.m */; };
		4A64A4D61120967500D4E22D /* SGMapKit_Prefix.pch in Headers */ = {isa = PBXBuildFile; fileRef = 4A64A4D31120967500D4E22D /* SGMapKit_Prefix.pch */; };
		4A68BA6011CEDFDB0090C675 /* SGRecordLine.m in Sources */ = {isa = PBXBuildFile; fileRef = 4A68BA5E11CEDFDB0090C675 /* SGRecordLine.m */; };
		4A68BA6111CEDFDB0090C675 /* SGRecordLine.h in Headers */ = {isa = PBXBuildFile; fileRef = 4A68BA5F11CEDFDB0090C675 /* SGRecordLine.h */; };
		4A70605E121F24CB00B3D330 /* CLLocationAdditions.h in Headers */ = {isa = PBXBuildFile; fileRef = 4A70605C121F24CB00B3D330 /* CLLocationAdditions.h */; };
		4A70605F121F24CB00B3D330 /* CLLocationAdditions.m in Sources */ = {isa = PBXBuildFile; fileRef = 4A70605D121F24CB00B3D330 /* CLLocationAdditions.m */; };
		4A706060121F24CB00B3D330 /* CLLocationAdditions.m in Sources */ = {isa = PBXBuildFile; fileRef = 4A70605D121F24CB00B3D330 /* CLLocationAdditions.m */; };
		4A70614012244B5800B3D330 /* libSGClient.a in Frameworks */ = {isa = PBXBuildFile; fileRef = 4A7552C911DBD3CA003E8D8A /* libSGClient.a */; };
		4A70614112244B5900B3D330 /* libSGClient.a in Frameworks */ = {isa = PBXBuildFile; fileRef = 4A7552C711DBD3CA003E8D8A /* libSGClient.a */; };
		4A70614412244B5D00B3D330 /* SGRecordAnnotation.h in Headers */ = {isa = PBXBuildFile; fileRef = 4A7552C511DBD3CA003E8D8A /* SGRecordAnnotation.h */; };
		4A70614512244B5D00B3D330 /* SGRecord.h in Headers */ = {isa = PBXBuildFile; fileRef = 4A7552C411DBD3CA003E8D8A /* SGRecord.h */; };
		4A70614712244B5E00B3D330 /* SGNearbyQuery.h in Headers */ = {isa = PBXBuildFile; fileRef = 4A7552C111DBD3CA003E8D8A /* SGNearbyQuery.h */; };
		4A70614812244B5F00B3D330 /* SGOAuth.h in Headers */ = {isa = PBXBuildFile; fileRef = 4A7552C211DBD3CA003E8D8A /* SGOAuth.h */; };
		4A70614912244B6000B3D330 /* SGQuery.h in Headers */ = {isa = PBXBuildFile; fileRef = 4A7552C311DBD3CA003E8D8A /* SGQuery.h */; };
		4A70614A12244B6000B3D330 /* SGLocationTypes.h in Headers */ = {isa = PBXBuildFile; fileRef = 4A7552C011DBD3CA003E8D8A /* SGLocationTypes.h */; };
		4A70614B12244B6100B3D330 /* SGLocationService.h in Headers */ = {isa = PBXBuildFile; fileRef = 4A7552BF11DBD3CA003E8D8A /* SGLocationService.h */; };
		4A70614C12244B6100B3D330 /* SGLocationManager.h in Headers */ = {isa = PBXBuildFile; fileRef = 4A7552BE11DBD3CA003E8D8A /* SGLocationManager.h */; };
		4A70614D12244B6100B3D330 /* SGLayer.h in Headers */ = {isa = PBXBuildFile; fileRef = 4A7552BD11DBD3CA003E8D8A /* SGLayer.h */; };
		4A70614E12244B6200B3D330 /* SGHistoryQuery.h in Headers */ = {isa = PBXBuildFile; fileRef = 4A7552BB11DBD3CA003E8D8A /* SGHistoryQuery.h */; };
		4A70614F12244B6200B3D330 /* SGLatLonNearbyQuery.h in Headers */ = {isa = PBXBuildFile; fileRef = 4A7552BC11DBD3CA003E8D8A /* SGLatLonNearbyQuery.h */; };
		4A70615012244B6300B3D330 /* SGGeoJSONEncoder.h in Headers */ = {isa = PBXBuildFile; fileRef = 4A7552BA11DBD3CA003E8D8A /* SGGeoJSONEncoder.h */; };
		4A70615112244B6300B3D330 /* SGGeoJSON+NSDictionary.h in Headers */ = {isa = PBXBuildFile; fileRef = 4A7552B811DBD3CA003E8D8A /* SGGeoJSON+NSDictionary.h */; };
		4A70615212244B6400B3D330 /* SGGeoJSON.h in Headers */ = {isa = PBXBuildFile; fileRef = 4A7552B911DBD3CA003E8D8A /* SGGeoJSON.h */; };
		4A70615312244B6400B3D330 /* SGGeohashNearbyQuery.h in Headers */ = {isa = PBXBuildFile; fileRef = 4A7552B711DBD3CA003E8D8A /* SGGeohashNearbyQuery.h */; };
		4A70615412244B6600B3D330 /* GeoJSON+NSArray.h in Headers */ = {isa = PBXBuildFile; fileRef = 4A7552AF11DBD3CA003E8D8A /* GeoJSON+NSArray.h */; };
		4A70615512244B6700B3D330 /* GeoJSON+NSDictionary.h in Headers */ = {isa = PBXBuildFile; fileRef = 4A7552B011DBD3CA003E8D8A /* GeoJSON+NSDictionary.h */; };
		4A70615612244B6700B3D330 /* NSStringAdditions.h in Headers */ = {isa = PBXBuildFile; fileRef = 4A7552B111DBD3CA003E8D8A /* NSStringAdditions.h */; };
		4A70615712244B6700B3D330 /* SGAdditions.h in Headers */ = {isa = PBXBuildFile; fileRef = 4A7552B211DBD3CA003E8D8A /* SGAdditions.h */; };
		4A70615812244B6800B3D330 /* SGAuthorization.h in Headers */ = {isa = PBXBuildFile; fileRef = 4A7552B311DBD3CA003E8D8A /* SGAuthorization.h */; };
		4A70615912244B6800B3D330 /* SGClient.h in Headers */ = {isa = PBXBuildFile; fileRef = 4A7552B511DBD3CA003E8D8A /* SGClient.h */; };
		4A70615A12244B6900B3D330 /* SGCommitLog.h in Headers */ = {isa = PBXBuildFile; fileRef = 4A7552B611DBD3CA003E8D8A /* SGCommitLog.h */; };
		4A70615B12244B6900B3D330 /* SGCacheHandler.h in Headers */ = {isa = PBXBuildFile; fileRef = 4A7552B411DBD3CA003E8D8A /* SGCacheHandler.h */; };
		4A752CB311D1174A005E55B9 /* SGDynamicPolylineView.h in Headers */ = {isa = PBXBuildFile; fileRef = 4A752CB111D1174A005E55B9 /* SGDynamicPolylineView.h */; };
		4A752CB411D1174A005E55B9 /* SGDynamicPolylineView.m in Sources */ = {isa = PBXBuildFile; fileRef = 4A752CB211D1174A005E55B9 /* SGDynamicPolylineView.m */; };
		4A752D0E11D156BA005E55B9 /* SGPointHelper.h in Headers */ = {isa = PBXBuildFile; fileRef = 4A752D0C11D156BA005E55B9 /* SGPointHelper.h */; };
		4A752D0F11D156BA005E55B9 /* SGPointHelper.m in Sources */ = {isa = PBXBuildFile; fileRef = 4A752D0D11D156BA005E55B9 /* SGPointHelper.m */; };
		4A75533111DBD3CA003E8D8A /* libSGClient.a in Frameworks */ = {isa = PBXBuildFile; fileRef = 4A7552C711DBD3CA003E8D8A /* libSGClient.a */; };
		4A75533211DBD3CA003E8D8A /* libSGClient.a in Frameworks */ = {isa = PBXBuildFile; fileRef = 4A7552C911DBD3CA003E8D8A /* libSGClient.a */; };
		4AC4A64B121B410600D1B3DA /* SGMapKit.h in Headers */ = {isa = PBXBuildFile; fileRef = 4AC4A64A121B410600D1B3DA /* SGMapKit.h */; };
		4ACA1E1311D26EA90072246E /* MapKit.framework in Frameworks */ = {isa = PBXBuildFile; fileRef = 4AED2974112124AE00672F12 /* MapKit.framework */; };
		4ACA1E1411D26EA90072246E /* UIKit.framework in Frameworks */ = {isa = PBXBuildFile; fileRef = 4AED2976112124AE00672F12 /* UIKit.framework */; };
		4ACA1E1611D26EAC0072246E /* CoreLocation.framework in Frameworks */ = {isa = PBXBuildFile; fileRef = 4AED2972112124AE00672F12 /* CoreLocation.framework */; };
		4ACA1E1711D26EAD0072246E /* Foundation.framework in Frameworks */ = {isa = PBXBuildFile; fileRef = AACBBE490F95108600F1A2B1 /* Foundation.framework */; };
		4ACA1E1911D26EB10072246E /* SGDynamicPolylineView.m in Sources */ = {isa = PBXBuildFile; fileRef = 4A752CB211D1174A005E55B9 /* SGDynamicPolylineView.m */; };
		4ACA1E1A11D26EB10072246E /* SGRecordLine.m in Sources */ = {isa = PBXBuildFile; fileRef = 4A68BA5E11CEDFDB0090C675 /* SGRecordLine.m */; };
		4ACA1E1B11D26EB30072246E /* SGLayerMapView.m in Sources */ = {isa = PBXBuildFile; fileRef = 4A64A4D01120967500D4E22D /* SGLayerMapView.m */; };
		4ACA1E1C11D26EB40072246E /* SGPointHelper.m in Sources */ = {isa = PBXBuildFile; fileRef = 4A752D0D11D156BA005E55B9 /* SGPointHelper.m */; };
		4ACA1E6111D2775A0072246E /* CoreGraphics.framework in Frameworks */ = {isa = PBXBuildFile; fileRef = 4ACA1E6011D2775A0072246E /* CoreGraphics.framework */; };
		4ACA1E7911D277D90072246E /* SGMapKitDemoAppDelegate.m in Sources */ = {isa = PBXBuildFile; fileRef = 4ACA1E7311D277D50072246E /* SGMapKitDemoAppDelegate.m */; };
		4ACA1E7B11D277DB0072246E /* SGMainViewController.m in Sources */ = {isa = PBXBuildFile; fileRef = 4ACA1E7011D277D50072246E /* SGMainViewController.m */; };
		4ACA1E7C11D277DC0072246E /* MainWindow.xib in Resources */ = {isa = PBXBuildFile; fileRef = 4ACA1E6E11D277D50072246E /* MainWindow.xib */; };
		4ACA1E7D11D277DD0072246E /* main.m in Sources */ = {isa = PBXBuildFile; fileRef = 4ACA1E6D11D277D50072246E /* main.m */; };
		4ACA1E9711D278FA0072246E /* SGMapKitDemoApp-Info.plist in Resources */ = {isa = PBXBuildFile; fileRef = 4ACA1E7111D277D50072246E /* SGMapKitDemoApp-Info.plist */; };
		4AED2973112124AE00672F12 /* CoreLocation.framework in Frameworks */ = {isa = PBXBuildFile; fileRef = 4AED2972112124AE00672F12 /* CoreLocation.framework */; };
		4AED2975112124AE00672F12 /* MapKit.framework in Frameworks */ = {isa = PBXBuildFile; fileRef = 4AED2974112124AE00672F12 /* MapKit.framework */; };
		4AED2977112124AE00672F12 /* UIKit.framework in Frameworks */ = {isa = PBXBuildFile; fileRef = 4AED2976112124AE00672F12 /* UIKit.framework */; };
		4AF4C6CA11D28E12000F6788 /* Token.plist in Resources */ = {isa = PBXBuildFile; fileRef = 4AF4C6C911D28E12000F6788 /* Token.plist */; };
		AACBBE4A0F95108600F1A2B1 /* Foundation.framework in Frameworks */ = {isa = PBXBuildFile; fileRef = AACBBE490F95108600F1A2B1 /* Foundation.framework */; };
/* End PBXBuildFile section */

/* Begin PBXFileReference section */
		4A64A4CF1120967500D4E22D /* SGLayerMapView.h */ = {isa = PBXFileReference; fileEncoding = 4; lastKnownFileType = sourcecode.c.h; path = SGLayerMapView.h; sourceTree = "<group>"; };
		4A64A4D01120967500D4E22D /* SGLayerMapView.m */ = {isa = PBXFileReference; fileEncoding = 4; lastKnownFileType = sourcecode.c.objc; path = SGLayerMapView.m; sourceTree = "<group>"; };
		4A64A4D11120967500D4E22D /* README */ = {isa = PBXFileReference; fileEncoding = 4; lastKnownFileType = text; path = README; sourceTree = "<group>"; };
		4A64A4D31120967500D4E22D /* SGMapKit_Prefix.pch */ = {isa = PBXFileReference; fileEncoding = 4; lastKnownFileType = sourcecode.c.h; path = SGMapKit_Prefix.pch; sourceTree = "<group>"; };
		4A68BA5E11CEDFDB0090C675 /* SGRecordLine.m */ = {isa = PBXFileReference; fileEncoding = 4; lastKnownFileType = sourcecode.c.objc; path = SGRecordLine.m; sourceTree = "<group>"; };
		4A68BA5F11CEDFDB0090C675 /* SGRecordLine.h */ = {isa = PBXFileReference; fileEncoding = 4; lastKnownFileType = sourcecode.c.h; path = SGRecordLine.h; sourceTree = "<group>"; };
		4A70605C121F24CB00B3D330 /* CLLocationAdditions.h */ = {isa = PBXFileReference; fileEncoding = 4; lastKnownFileType = sourcecode.c.h; path = CLLocationAdditions.h; sourceTree = "<group>"; };
		4A70605D121F24CB00B3D330 /* CLLocationAdditions.m */ = {isa = PBXFileReference; fileEncoding = 4; lastKnownFileType = sourcecode.c.objc; path = CLLocationAdditions.m; sourceTree = "<group>"; };
		4A752CB111D1174A005E55B9 /* SGDynamicPolylineView.h */ = {isa = PBXFileReference; fileEncoding = 4; lastKnownFileType = sourcecode.c.h; path = SGDynamicPolylineView.h; sourceTree = "<group>"; };
		4A752CB211D1174A005E55B9 /* SGDynamicPolylineView.m */ = {isa = PBXFileReference; fileEncoding = 4; lastKnownFileType = sourcecode.c.objc; path = SGDynamicPolylineView.m; sourceTree = "<group>"; };
		4A752D0C11D156BA005E55B9 /* SGPointHelper.h */ = {isa = PBXFileReference; fileEncoding = 4; lastKnownFileType = sourcecode.c.h; path = SGPointHelper.h; sourceTree = "<group>"; };
		4A752D0D11D156BA005E55B9 /* SGPointHelper.m */ = {isa = PBXFileReference; fileEncoding = 4; lastKnownFileType = sourcecode.c.objc; path = SGPointHelper.m; sourceTree = "<group>"; };
		4A7551FB11DBD27D003E8D8A /* build_dist */ = {isa = PBXFileReference; fileEncoding = 4; lastKnownFileType = text.script.sh; path = build_dist; sourceTree = "<group>"; };
		4A7551FC11DBD30D003E8D8A /* update_sg_sdk */ = {isa = PBXFileReference; fileEncoding = 4; lastKnownFileType = text; path = update_sg_sdk; sourceTree = "<group>"; };
		4A7552AF11DBD3CA003E8D8A /* GeoJSON+NSArray.h */ = {isa = PBXFileReference; fileEncoding = 4; lastKnownFileType = sourcecode.c.h; path = "GeoJSON+NSArray.h"; sourceTree = "<group>"; };
		4A7552B011DBD3CA003E8D8A /* GeoJSON+NSDictionary.h */ = {isa = PBXFileReference; fileEncoding = 4; lastKnownFileType = sourcecode.c.h; path = "GeoJSON+NSDictionary.h"; sourceTree = "<group>"; };
		4A7552B111DBD3CA003E8D8A /* NSStringAdditions.h */ = {isa = PBXFileReference; fileEncoding = 4; lastKnownFileType = sourcecode.c.h; path = NSStringAdditions.h; sourceTree = "<group>"; };
		4A7552B211DBD3CA003E8D8A /* SGAdditions.h */ = {isa = PBXFileReference; fileEncoding = 4; lastKnownFileType = sourcecode.c.h; path = SGAdditions.h; sourceTree = "<group>"; };
		4A7552B311DBD3CA003E8D8A /* SGAuthorization.h */ = {isa = PBXFileReference; fileEncoding = 4; lastKnownFileType = sourcecode.c.h; path = SGAuthorization.h; sourceTree = "<group>"; };
		4A7552B411DBD3CA003E8D8A /* SGCacheHandler.h */ = {isa = PBXFileReference; fileEncoding = 4; lastKnownFileType = sourcecode.c.h; path = SGCacheHandler.h; sourceTree = "<group>"; };
		4A7552B511DBD3CA003E8D8A /* SGClient.h */ = {isa = PBXFileReference; fileEncoding = 4; lastKnownFileType = sourcecode.c.h; path = SGClient.h; sourceTree = "<group>"; };
		4A7552B611DBD3CA003E8D8A /* SGCommitLog.h */ = {isa = PBXFileReference; fileEncoding = 4; lastKnownFileType = sourcecode.c.h; path = SGCommitLog.h; sourceTree = "<group>"; };
		4A7552B711DBD3CA003E8D8A /* SGGeohashNearbyQuery.h */ = {isa = PBXFileReference; fileEncoding = 4; lastKnownFileType = sourcecode.c.h; path = SGGeohashNearbyQuery.h; sourceTree = "<group>"; };
		4A7552B811DBD3CA003E8D8A /* SGGeoJSON+NSDictionary.h */ = {isa = PBXFileReference; fileEncoding = 4; lastKnownFileType = sourcecode.c.h; path = "SGGeoJSON+NSDictionary.h"; sourceTree = "<group>"; };
		4A7552B911DBD3CA003E8D8A /* SGGeoJSON.h */ = {isa = PBXFileReference; fileEncoding = 4; lastKnownFileType = sourcecode.c.h; path = SGGeoJSON.h; sourceTree = "<group>"; };
		4A7552BA11DBD3CA003E8D8A /* SGGeoJSONEncoder.h */ = {isa = PBXFileReference; fileEncoding = 4; lastKnownFileType = sourcecode.c.h; path = SGGeoJSONEncoder.h; sourceTree = "<group>"; };
		4A7552BB11DBD3CA003E8D8A /* SGHistoryQuery.h */ = {isa = PBXFileReference; fileEncoding = 4; lastKnownFileType = sourcecode.c.h; path = SGHistoryQuery.h; sourceTree = "<group>"; };
		4A7552BC11DBD3CA003E8D8A /* SGLatLonNearbyQuery.h */ = {isa = PBXFileReference; fileEncoding = 4; lastKnownFileType = sourcecode.c.h; path = SGLatLonNearbyQuery.h; sourceTree = "<group>"; };
		4A7552BD11DBD3CA003E8D8A /* SGLayer.h */ = {isa = PBXFileReference; fileEncoding = 4; lastKnownFileType = sourcecode.c.h; path = SGLayer.h; sourceTree = "<group>"; };
		4A7552BE11DBD3CA003E8D8A /* SGLocationManager.h */ = {isa = PBXFileReference; fileEncoding = 4; lastKnownFileType = sourcecode.c.h; path = SGLocationManager.h; sourceTree = "<group>"; };
		4A7552BF11DBD3CA003E8D8A /* SGLocationService.h */ = {isa = PBXFileReference; fileEncoding = 4; lastKnownFileType = sourcecode.c.h; path = SGLocationService.h; sourceTree = "<group>"; };
		4A7552C011DBD3CA003E8D8A /* SGLocationTypes.h */ = {isa = PBXFileReference; fileEncoding = 4; lastKnownFileType = sourcecode.c.h; path = SGLocationTypes.h; sourceTree = "<group>"; };
		4A7552C111DBD3CA003E8D8A /* SGNearbyQuery.h */ = {isa = PBXFileReference; fileEncoding = 4; lastKnownFileType = sourcecode.c.h; path = SGNearbyQuery.h; sourceTree = "<group>"; };
		4A7552C211DBD3CA003E8D8A /* SGOAuth.h */ = {isa = PBXFileReference; fileEncoding = 4; lastKnownFileType = sourcecode.c.h; path = SGOAuth.h; sourceTree = "<group>"; };
		4A7552C311DBD3CA003E8D8A /* SGQuery.h */ = {isa = PBXFileReference; fileEncoding = 4; lastKnownFileType = sourcecode.c.h; path = SGQuery.h; sourceTree = "<group>"; };
		4A7552C411DBD3CA003E8D8A /* SGRecord.h */ = {isa = PBXFileReference; fileEncoding = 4; lastKnownFileType = sourcecode.c.h; path = SGRecord.h; sourceTree = "<group>"; };
		4A7552C511DBD3CA003E8D8A /* SGRecordAnnotation.h */ = {isa = PBXFileReference; fileEncoding = 4; lastKnownFileType = sourcecode.c.h; path = SGRecordAnnotation.h; sourceTree = "<group>"; };
		4A7552C711DBD3CA003E8D8A /* libSGClient.a */ = {isa = PBXFileReference; lastKnownFileType = archive.ar; path = libSGClient.a; sourceTree = "<group>"; };
		4A7552C911DBD3CA003E8D8A /* libSGClient.a */ = {isa = PBXFileReference; lastKnownFileType = archive.ar; path = libSGClient.a; sourceTree = "<group>"; };
		4AC4A64A121B410600D1B3DA /* SGMapKit.h */ = {isa = PBXFileReference; fileEncoding = 4; lastKnownFileType = sourcecode.c.h; path = SGMapKit.h; sourceTree = "<group>"; };
		4ACA1DFF11D26DDD0072246E /* SGMapKitDemoApp.app */ = {isa = PBXFileReference; explicitFileType = wrapper.application; includeInIndex = 0; path = SGMapKitDemoApp.app; sourceTree = BUILT_PRODUCTS_DIR; };
		4ACA1E6011D2775A0072246E /* CoreGraphics.framework */ = {isa = PBXFileReference; lastKnownFileType = wrapper.framework; name = CoreGraphics.framework; path = System/Library/Frameworks/CoreGraphics.framework; sourceTree = SDKROOT; };
		4ACA1E6D11D277D50072246E /* main.m */ = {isa = PBXFileReference; fileEncoding = 4; lastKnownFileType = sourcecode.c.objc; path = main.m; sourceTree = "<group>"; };
		4ACA1E6E11D277D50072246E /* MainWindow.xib */ = {isa = PBXFileReference; lastKnownFileType = file.xib; path = MainWindow.xib; sourceTree = "<group>"; };
		4ACA1E6F11D277D50072246E /* SGMainViewController.h */ = {isa = PBXFileReference; fileEncoding = 4; lastKnownFileType = sourcecode.c.h; path = SGMainViewController.h; sourceTree = "<group>"; };
		4ACA1E7011D277D50072246E /* SGMainViewController.m */ = {isa = PBXFileReference; fileEncoding = 4; lastKnownFileType = sourcecode.c.objc; path = SGMainViewController.m; sourceTree = "<group>"; };
		4ACA1E7111D277D50072246E /* SGMapKitDemoApp-Info.plist */ = {isa = PBXFileReference; fileEncoding = 4; lastKnownFileType = text.plist.xml; path = "SGMapKitDemoApp-Info.plist"; sourceTree = "<group>"; };
		4ACA1E7211D277D50072246E /* SGMapKitDemoAppDelegate.h */ = {isa = PBXFileReference; fileEncoding = 4; lastKnownFileType = sourcecode.c.h; path = SGMapKitDemoAppDelegate.h; sourceTree = "<group>"; };
		4ACA1E7311D277D50072246E /* SGMapKitDemoAppDelegate.m */ = {isa = PBXFileReference; fileEncoding = 4; lastKnownFileType = sourcecode.c.objc; path = SGMapKitDemoAppDelegate.m; sourceTree = "<group>"; };
		4AED2972112124AE00672F12 /* CoreLocation.framework */ = {isa = PBXFileReference; lastKnownFileType = wrapper.framework; name = CoreLocation.framework; path = System/Library/Frameworks/CoreLocation.framework; sourceTree = SDKROOT; };
		4AED2974112124AE00672F12 /* MapKit.framework */ = {isa = PBXFileReference; lastKnownFileType = wrapper.framework; name = MapKit.framework; path = System/Library/Frameworks/MapKit.framework; sourceTree = SDKROOT; };
		4AED2976112124AE00672F12 /* UIKit.framework */ = {isa = PBXFileReference; lastKnownFileType = wrapper.framework; name = UIKit.framework; path = System/Library/Frameworks/UIKit.framework; sourceTree = SDKROOT; };
		4AF4C6C911D28E12000F6788 /* Token.plist */ = {isa = PBXFileReference; fileEncoding = 4; lastKnownFileType = text.plist.xml; path = Token.plist; sourceTree = "<group>"; };
		4AF85B3C11A5E83400B97ADA /* LICENSE */ = {isa = PBXFileReference; fileEncoding = 4; lastKnownFileType = text; path = LICENSE; sourceTree = "<group>"; };
		AACBBE490F95108600F1A2B1 /* Foundation.framework */ = {isa = PBXFileReference; lastKnownFileType = wrapper.framework; name = Foundation.framework; path = System/Library/Frameworks/Foundation.framework; sourceTree = SDKROOT; };
		D2AAC07E0554694100DB518D /* libSGMapKit.a */ = {isa = PBXFileReference; explicitFileType = archive.ar; includeInIndex = 0; path = libSGMapKit.a; sourceTree = BUILT_PRODUCTS_DIR; };
/* End PBXFileReference section */

/* Begin PBXFrameworksBuildPhase section */
		4ACA1DFD11D26DDD0072246E /* Frameworks */ = {
			isa = PBXFrameworksBuildPhase;
			buildActionMask = 2147483647;
			files = (
				4ACA1E1311D26EA90072246E /* MapKit.framework in Frameworks */,
				4ACA1E1411D26EA90072246E /* UIKit.framework in Frameworks */,
				4ACA1E1611D26EAC0072246E /* CoreLocation.framework in Frameworks */,
				4ACA1E1711D26EAD0072246E /* Foundation.framework in Frameworks */,
				4ACA1E6111D2775A0072246E /* CoreGraphics.framework in Frameworks */,
				4A75533111DBD3CA003E8D8A /* libSGClient.a in Frameworks */,
				4A75533211DBD3CA003E8D8A /* libSGClient.a in Frameworks */,
			);
			runOnlyForDeploymentPostprocessing = 0;
		};
		D2AAC07C0554694100DB518D /* Frameworks */ = {
			isa = PBXFrameworksBuildPhase;
			buildActionMask = 2147483647;
			files = (
				AACBBE4A0F95108600F1A2B1 /* Foundation.framework in Frameworks */,
				4AED2973112124AE00672F12 /* CoreLocation.framework in Frameworks */,
				4AED2975112124AE00672F12 /* MapKit.framework in Frameworks */,
				4AED2977112124AE00672F12 /* UIKit.framework in Frameworks */,
				4A70614012244B5800B3D330 /* libSGClient.a in Frameworks */,
				4A70614112244B5900B3D330 /* libSGClient.a in Frameworks */,
			);
			runOnlyForDeploymentPostprocessing = 0;
		};
/* End PBXFrameworksBuildPhase section */

/* Begin PBXGroup section */
		034768DFFF38A50411DB9C8B /* Products */ = {
			isa = PBXGroup;
			children = (
				D2AAC07E0554694100DB518D /* libSGMapKit.a */,
				4ACA1DFF11D26DDD0072246E /* SGMapKitDemoApp.app */,
			);
			name = Products;
			sourceTree = "<group>";
		};
		0867D691FE84028FC02AAC07 /* SGMapClient */ = {
			isa = PBXGroup;
			children = (
				4A7551FD11DBD3CA003E8D8A /* SGiPhoneSDK */,
				4A7551FC11DBD30D003E8D8A /* update_sg_sdk */,
				4A7551FB11DBD27D003E8D8A /* build_dist */,
				4ACA1E6C11D277D50072246E /* DemoApp */,
				4A64A4CD1120967500D4E22D /* Classes */,
				4A64A4D11120967500D4E22D /* README */,
				4A64A4D21120967500D4E22D /* Resources */,
				0867D69AFE84028FC02AAC07 /* Frameworks */,
				034768DFFF38A50411DB9C8B /* Products */,
				4AF85B3C11A5E83400B97ADA /* LICENSE */,
			);
			name = SGMapClient;
			sourceTree = "<group>";
		};
		0867D69AFE84028FC02AAC07 /* Frameworks */ = {
			isa = PBXGroup;
			children = (
				AACBBE490F95108600F1A2B1 /* Foundation.framework */,
				4AED2972112124AE00672F12 /* CoreLocation.framework */,
				4AED2974112124AE00672F12 /* MapKit.framework */,
				4AED2976112124AE00672F12 /* UIKit.framework */,
				4ACA1E6011D2775A0072246E /* CoreGraphics.framework */,
			);
			name = Frameworks;
			sourceTree = "<group>";
		};
		4A64A4CD1120967500D4E22D /* Classes */ = {
			isa = PBXGroup;
			children = (
				4A70605B121F24CB00B3D330 /* Additions */,
				4A752D0B11D156BA005E55B9 /* Utilities */,
				4A859EBB11C1389E00F50676 /* Model */,
				4A64A4CE1120967500D4E22D /* Views */,
				4AC4A64A121B410600D1B3DA /* SGMapKit.h */,
			);
			path = Classes;
			sourceTree = "<group>";
		};
		4A64A4CE1120967500D4E22D /* Views */ = {
			isa = PBXGroup;
			children = (
				4A64A4CF1120967500D4E22D /* SGLayerMapView.h */,
				4A64A4D01120967500D4E22D /* SGLayerMapView.m */,
				4A752CB111D1174A005E55B9 /* SGDynamicPolylineView.h */,
				4A752CB211D1174A005E55B9 /* SGDynamicPolylineView.m */,
			);
			path = Views;
			sourceTree = "<group>";
		};
		4A64A4D21120967500D4E22D /* Resources */ = {
			isa = PBXGroup;
			children = (
				4A64A4D31120967500D4E22D /* SGMapKit_Prefix.pch */,
			);
			path = Resources;
			sourceTree = "<group>";
		};
		4A70605B121F24CB00B3D330 /* Additions */ = {
			isa = PBXGroup;
			children = (
				4A70605C121F24CB00B3D330 /* CLLocationAdditions.h */,
				4A70605D121F24CB00B3D330 /* CLLocationAdditions.m */,
			);
			path = Additions;
			sourceTree = "<group>";
		};
		4A752D0B11D156BA005E55B9 /* Utilities */ = {
			isa = PBXGroup;
			children = (
				4A752D0C11D156BA005E55B9 /* SGPointHelper.h */,
				4A752D0D11D156BA005E55B9 /* SGPointHelper.m */,
			);
			path = Utilities;
			sourceTree = "<group>";
		};
		4A7551FD11DBD3CA003E8D8A /* SGiPhoneSDK */ = {
			isa = PBXGroup;
			children = (
				4A7551FE11DBD3CA003E8D8A /* SGClient */,
			);
			path = SGiPhoneSDK;
			sourceTree = "<group>";
		};
		4A7551FE11DBD3CA003E8D8A /* SGClient */ = {
			isa = PBXGroup;
			children = (
				4A7552AE11DBD3CA003E8D8A /* Headers */,
				4A7552C611DBD3CA003E8D8A /* iphoneos */,
				4A7552C811DBD3CA003E8D8A /* iphonesimulator */,
			);
			path = SGClient;
			sourceTree = "<group>";
		};
		4A7552AE11DBD3CA003E8D8A /* Headers */ = {
			isa = PBXGroup;
			children = (
				4A7552AF11DBD3CA003E8D8A /* GeoJSON+NSArray.h */,
				4A7552B011DBD3CA003E8D8A /* GeoJSON+NSDictionary.h */,
				4A7552B111DBD3CA003E8D8A /* NSStringAdditions.h */,
				4A7552B211DBD3CA003E8D8A /* SGAdditions.h */,
				4A7552B311DBD3CA003E8D8A /* SGAuthorization.h */,
				4A7552B411DBD3CA003E8D8A /* SGCacheHandler.h */,
				4A7552B511DBD3CA003E8D8A /* SGClient.h */,
				4A7552B611DBD3CA003E8D8A /* SGCommitLog.h */,
				4A7552B711DBD3CA003E8D8A /* SGGeohashNearbyQuery.h */,
				4A7552B811DBD3CA003E8D8A /* SGGeoJSON+NSDictionary.h */,
				4A7552B911DBD3CA003E8D8A /* SGGeoJSON.h */,
				4A7552BA11DBD3CA003E8D8A /* SGGeoJSONEncoder.h */,
				4A7552BB11DBD3CA003E8D8A /* SGHistoryQuery.h */,
				4A7552BC11DBD3CA003E8D8A /* SGLatLonNearbyQuery.h */,
				4A7552BD11DBD3CA003E8D8A /* SGLayer.h */,
				4A7552BE11DBD3CA003E8D8A /* SGLocationManager.h */,
				4A7552BF11DBD3CA003E8D8A /* SGLocationService.h */,
				4A7552C011DBD3CA003E8D8A /* SGLocationTypes.h */,
				4A7552C111DBD3CA003E8D8A /* SGNearbyQuery.h */,
				4A7552C211DBD3CA003E8D8A /* SGOAuth.h */,
				4A7552C311DBD3CA003E8D8A /* SGQuery.h */,
				4A7552C411DBD3CA003E8D8A /* SGRecord.h */,
				4A7552C511DBD3CA003E8D8A /* SGRecordAnnotation.h */,
			);
			path = Headers;
			sourceTree = "<group>";
		};
		4A7552C611DBD3CA003E8D8A /* iphoneos */ = {
			isa = PBXGroup;
			children = (
				4A7552C711DBD3CA003E8D8A /* libSGClient.a */,
			);
			path = iphoneos;
			sourceTree = "<group>";
		};
		4A7552C811DBD3CA003E8D8A /* iphonesimulator */ = {
			isa = PBXGroup;
			children = (
				4A7552C911DBD3CA003E8D8A /* libSGClient.a */,
			);
			path = iphonesimulator;
			sourceTree = "<group>";
		};
		4A859EBB11C1389E00F50676 /* Model */ = {
			isa = PBXGroup;
			children = (
				4A68BA5E11CEDFDB0090C675 /* SGRecordLine.m */,
				4A68BA5F11CEDFDB0090C675 /* SGRecordLine.h */,
			);
			path = Model;
			sourceTree = "<group>";
		};
		4ACA1E6C11D277D50072246E /* DemoApp */ = {
			isa = PBXGroup;
			children = (
				4ACA1E6D11D277D50072246E /* main.m */,
				4ACA1E6E11D277D50072246E /* MainWindow.xib */,
				4ACA1E6F11D277D50072246E /* SGMainViewController.h */,
				4ACA1E7011D277D50072246E /* SGMainViewController.m */,
				4ACA1E7111D277D50072246E /* SGMapKitDemoApp-Info.plist */,
				4ACA1E7211D277D50072246E /* SGMapKitDemoAppDelegate.h */,
				4ACA1E7311D277D50072246E /* SGMapKitDemoAppDelegate.m */,
				4AF4C6C911D28E12000F6788 /* Token.plist */,
			);
			path = DemoApp;
			sourceTree = "<group>";
		};
/* End PBXGroup section */

/* Begin PBXHeadersBuildPhase section */
		D2AAC07A0554694100DB518D /* Headers */ = {
			isa = PBXHeadersBuildPhase;
			buildActionMask = 2147483647;
			files = (
				4A64A4D41120967500D4E22D /* SGLayerMapView.h in Headers */,
				4A64A4D61120967500D4E22D /* SGMapKit_Prefix.pch in Headers */,
				4A68BA6111CEDFDB0090C675 /* SGRecordLine.h in Headers */,
				4A752CB311D1174A005E55B9 /* SGDynamicPolylineView.h in Headers */,
				4A752D0E11D156BA005E55B9 /* SGPointHelper.h in Headers */,
				4AC4A64B121B410600D1B3DA /* SGMapKit.h in Headers */,
				4A70605E121F24CB00B3D330 /* CLLocationAdditions.h in Headers */,
				4A70614412244B5D00B3D330 /* SGRecordAnnotation.h in Headers */,
				4A70614512244B5D00B3D330 /* SGRecord.h in Headers */,
				4A70614712244B5E00B3D330 /* SGNearbyQuery.h in Headers */,
				4A70614812244B5F00B3D330 /* SGOAuth.h in Headers */,
				4A70614912244B6000B3D330 /* SGQuery.h in Headers */,
				4A70614A12244B6000B3D330 /* SGLocationTypes.h in Headers */,
				4A70614B12244B6100B3D330 /* SGLocationService.h in Headers */,
				4A70614C12244B6100B3D330 /* SGLocationManager.h in Headers */,
				4A70614D12244B6100B3D330 /* SGLayer.h in Headers */,
				4A70614E12244B6200B3D330 /* SGHistoryQuery.h in Headers */,
				4A70614F12244B6200B3D330 /* SGLatLonNearbyQuery.h in Headers */,
				4A70615012244B6300B3D330 /* SGGeoJSONEncoder.h in Headers */,
				4A70615112244B6300B3D330 /* SGGeoJSON+NSDictionary.h in Headers */,
				4A70615212244B6400B3D330 /* SGGeoJSON.h in Headers */,
				4A70615312244B6400B3D330 /* SGGeohashNearbyQuery.h in Headers */,
				4A70615412244B6600B3D330 /* GeoJSON+NSArray.h in Headers */,
				4A70615512244B6700B3D330 /* GeoJSON+NSDictionary.h in Headers */,
				4A70615612244B6700B3D330 /* NSStringAdditions.h in Headers */,
				4A70615712244B6700B3D330 /* SGAdditions.h in Headers */,
				4A70615812244B6800B3D330 /* SGAuthorization.h in Headers */,
				4A70615912244B6800B3D330 /* SGClient.h in Headers */,
				4A70615A12244B6900B3D330 /* SGCommitLog.h in Headers */,
				4A70615B12244B6900B3D330 /* SGCacheHandler.h in Headers */,
			);
			runOnlyForDeploymentPostprocessing = 0;
		};
/* End PBXHeadersBuildPhase section */

/* Begin PBXNativeTarget section */
		4ACA1DFE11D26DDD0072246E /* SGMapKitDemoApp */ = {
			isa = PBXNativeTarget;
			buildConfigurationList = 4ACA1E0411D26DDD0072246E /* Build configuration list for PBXNativeTarget "SGMapKitDemoApp" */;
			buildPhases = (
				4ACA1DFB11D26DDD0072246E /* Resources */,
				4ACA1DFC11D26DDD0072246E /* Sources */,
				4ACA1DFD11D26DDD0072246E /* Frameworks */,
			);
			buildRules = (
			);
			dependencies = (
			);
			name = SGMapKitDemoApp;
			productName = SGMapKitDemoApp;
			productReference = 4ACA1DFF11D26DDD0072246E /* SGMapKitDemoApp.app */;
			productType = "com.apple.product-type.application";
		};
		D2AAC07D0554694100DB518D /* SGMapKit */ = {
			isa = PBXNativeTarget;
			buildConfigurationList = 1DEB921E08733DC00010E9CD /* Build configuration list for PBXNativeTarget "SGMapKit" */;
			buildPhases = (
				D2AAC07A0554694100DB518D /* Headers */,
				D2AAC07B0554694100DB518D /* Sources */,
				D2AAC07C0554694100DB518D /* Frameworks */,
			);
			buildRules = (
			);
			dependencies = (
			);
			name = SGMapKit;
			productName = SGMapClient;
			productReference = D2AAC07E0554694100DB518D /* libSGMapKit.a */;
			productType = "com.apple.product-type.library.static";
		};
/* End PBXNativeTarget section */

/* Begin PBXProject section */
		0867D690FE84028FC02AAC07 /* Project object */ = {
			isa = PBXProject;
			attributes = {
				ORGANIZATIONNAME = SimpleGeo;
			};
			buildConfigurationList = 1DEB922208733DC00010E9CD /* Build configuration list for PBXProject "SGMapKit" */;
			compatibilityVersion = "Xcode 3.1";
			hasScannedForEncodings = 1;
			mainGroup = 0867D691FE84028FC02AAC07 /* SGMapClient */;
			productRefGroup = 034768DFFF38A50411DB9C8B /* Products */;
			projectDirPath = "";
			projectRoot = "";
			targets = (
				D2AAC07D0554694100DB518D /* SGMapKit */,
				4ACA1DFE11D26DDD0072246E /* SGMapKitDemoApp */,
			);
		};
/* End PBXProject section */

/* Begin PBXResourcesBuildPhase section */
		4ACA1DFB11D26DDD0072246E /* Resources */ = {
			isa = PBXResourcesBuildPhase;
			buildActionMask = 2147483647;
			files = (
				4ACA1E7C11D277DC0072246E /* MainWindow.xib in Resources */,
				4ACA1E9711D278FA0072246E /* SGMapKitDemoApp-Info.plist in Resources */,
				4AF4C6CA11D28E12000F6788 /* Token.plist in Resources */,
			);
			runOnlyForDeploymentPostprocessing = 0;
		};
/* End PBXResourcesBuildPhase section */

/* Begin PBXSourcesBuildPhase section */
		4ACA1DFC11D26DDD0072246E /* Sources */ = {
			isa = PBXSourcesBuildPhase;
			buildActionMask = 2147483647;
			files = (
				4ACA1E1911D26EB10072246E /* SGDynamicPolylineView.m in Sources */,
				4ACA1E1A11D26EB10072246E /* SGRecordLine.m in Sources */,
				4ACA1E1B11D26EB30072246E /* SGLayerMapView.m in Sources */,
				4ACA1E1C11D26EB40072246E /* SGPointHelper.m in Sources */,
				4ACA1E7911D277D90072246E /* SGMapKitDemoAppDelegate.m in Sources */,
				4ACA1E7B11D277DB0072246E /* SGMainViewController.m in Sources */,
				4ACA1E7D11D277DD0072246E /* main.m in Sources */,
				4A706060121F24CB00B3D330 /* CLLocationAdditions.m in Sources */,
			);
			runOnlyForDeploymentPostprocessing = 0;
		};
		D2AAC07B0554694100DB518D /* Sources */ = {
			isa = PBXSourcesBuildPhase;
			buildActionMask = 2147483647;
			files = (
				4A64A4D51120967500D4E22D /* SGLayerMapView.m in Sources */,
				4A68BA6011CEDFDB0090C675 /* SGRecordLine.m in Sources */,
				4A752CB411D1174A005E55B9 /* SGDynamicPolylineView.m in Sources */,
				4A752D0F11D156BA005E55B9 /* SGPointHelper.m in Sources */,
				4A70605F121F24CB00B3D330 /* CLLocationAdditions.m in Sources */,
			);
			runOnlyForDeploymentPostprocessing = 0;
		};
/* End PBXSourcesBuildPhase section */

/* Begin XCBuildConfiguration section */
		1DEB921F08733DC00010E9CD /* Debug */ = {
			isa = XCBuildConfiguration;
			buildSettings = {
				ALWAYS_SEARCH_USER_PATHS = NO;
				ARCHS = "$(ARCHS_STANDARD_32_BIT)";
				COPY_PHASE_STRIP = NO;
				DSTROOT = /tmp/SGMapKit.dst;
				GCC_DYNAMIC_NO_PIC = NO;
				GCC_ENABLE_FIX_AND_CONTINUE = YES;
				GCC_MODEL_TUNING = G5;
				GCC_OPTIMIZATION_LEVEL = 0;
				GCC_PRECOMPILE_PREFIX_HEADER = YES;
				GCC_PREFIX_HEADER = Resources/SGMapKit_Prefix.pch;
				INSTALL_PATH = /usr/local/lib;
				LIBRARY_SEARCH_PATHS = (
					"\"$(SRCROOT)/SGiPhoneSDK/SGClient/$(PLATFORM_NAME)\"",
					"\"$(SRCROOT)/SGiPhoneSDK/SGClient/iphoneos\"",
				);
				OTHER_LDFLAGS = "";
				PRODUCT_NAME = SGMapKit;
				SDKROOT = iphoneos4.0;
			};
			name = Debug;
		};
		1DEB922008733DC00010E9CD /* Release */ = {
			isa = XCBuildConfiguration;
			buildSettings = {
				ALWAYS_SEARCH_USER_PATHS = NO;
				ARCHS = "$(ARCHS_STANDARD_32_BIT)";
				DSTROOT = /tmp/SGMapKit.dst;
				GCC_MODEL_TUNING = G5;
				GCC_PRECOMPILE_PREFIX_HEADER = YES;
				GCC_PREFIX_HEADER = Resources/SGMapKit_Prefix.pch;
				GCC_PREPROCESSOR_DEFINITIONS = "";
				INSTALL_PATH = /usr/local/lib;
				LIBRARY_SEARCH_PATHS = "\"$(SRCROOT)/SGiPhoneSDK/SGClient/$(PLATFORM_NAME)\"";
				OTHER_LDFLAGS = "";
				PRODUCT_NAME = SGMapKit;
				SDKROOT = iphoneos4.0;
			};
			name = Release;
		};
		1DEB922308733DC00010E9CD /* Debug */ = {
			isa = XCBuildConfiguration;
			buildSettings = {
				ARCHS = "$(ARCHS_STANDARD_32_BIT)";
				GCC_C_LANGUAGE_STANDARD = c99;
				GCC_OPTIMIZATION_LEVEL = 0;
				GCC_WARN_ABOUT_RETURN_TYPE = YES;
				GCC_WARN_UNUSED_VARIABLE = YES;
				OTHER_LDFLAGS = "-ObjC";
				PREBINDING = NO;
				SDKROOT = iphoneos4.0;
			};
			name = Debug;
		};
		1DEB922408733DC00010E9CD /* Release */ = {
			isa = XCBuildConfiguration;
			buildSettings = {
				ARCHS = "$(ARCHS_STANDARD_32_BIT)";
				GCC_C_LANGUAGE_STANDARD = c99;
				GCC_WARN_ABOUT_RETURN_TYPE = YES;
				GCC_WARN_UNUSED_VARIABLE = YES;
				OTHER_LDFLAGS = "-ObjC";
				PREBINDING = NO;
				SDKROOT = iphoneos3.2;
			};
			name = Release;
		};
		4ACA1E0211D26DDD0072246E /* Debug */ = {
			isa = XCBuildConfiguration;
			buildSettings = {
				ALWAYS_SEARCH_USER_PATHS = NO;
				CODE_SIGN_IDENTITY = "iPhone Developer";
				COPY_PHASE_STRIP = NO;
				GCC_DYNAMIC_NO_PIC = NO;
				GCC_OPTIMIZATION_LEVEL = 0;
				GCC_PRECOMPILE_PREFIX_HEADER = YES;
				GCC_PREFIX_HEADER = Resources/SGMapKit_Prefix.pch;
				HEADER_SEARCH_PATHS = "SGiPhoneSDK/SGClient/$(PLATFORM_NAME)/Headers/**";
				INFOPLIST_FILE = "DemoApp/SGMapKitDemoApp-Info.plist";
				INSTALL_PATH = "$(HOME)/Applications";
				LIBRARY_SEARCH_PATHS = "SGiPhoneSDK/SGClient/$(PLATFORM_NAME)";
				OTHER_LDFLAGS = (
					"-all_load",
					"-framework",
					Foundation,
					"-framework",
					UIKit,
					"-ObjC",
					"-l",
					SGClient,
				);
				PREBINDING = NO;
				PRODUCT_NAME = SGMapKitDemoApp;
				SDKROOT = iphoneos4.0;
			};
			name = Debug;
		};
		4ACA1E0311D26DDD0072246E /* Release */ = {
			isa = XCBuildConfiguration;
			buildSettings = {
				ALWAYS_SEARCH_USER_PATHS = NO;
				CODE_SIGN_IDENTITY = "iPhone Developer";
				COPY_PHASE_STRIP = YES;
				DEBUG_INFORMATION_FORMAT = "dwarf-with-dsym";
				GCC_ENABLE_FIX_AND_CONTINUE = NO;
				GCC_PRECOMPILE_PREFIX_HEADER = YES;
				GCC_PREFIX_HEADER = "$(SYSTEM_LIBRARY_DIR)/Frameworks/UIKit.framework/Headers/UIKit.h";
				INFOPLIST_FILE = "SGMapKitDemoApp-Info.plist";
				INSTALL_PATH = "$(HOME)/Applications";
				LIBRARY_SEARCH_PATHS = "";
				OTHER_LDFLAGS = (
					"-framework",
					Foundation,
					"-framework",
					UIKit,
				);
				PREBINDING = NO;
				PRODUCT_NAME = SGMapKitDemoApp;
				SDKROOT = iphoneos4.0;
				ZERO_LINK = NO;
			};
			name = Release;
		};
/* End XCBuildConfiguration section */

/* Begin XCConfigurationList section */
		1DEB921E08733DC00010E9CD /* Build configuration list for PBXNativeTarget "SGMapKit" */ = {
			isa = XCConfigurationList;
			buildConfigurations = (
				1DEB921F08733DC00010E9CD /* Debug */,
				1DEB922008733DC00010E9CD /* Release */,
			);
			defaultConfigurationIsVisible = 0;
			defaultConfigurationName = Release;
		};
		1DEB922208733DC00010E9CD /* Build configuration list for PBXProject "SGMapKit" */ = {
			isa = XCConfigurationList;
			buildConfigurations = (
				1DEB922308733DC00010E9CD /* Debug */,
				1DEB922408733DC00010E9CD /* Release */,
			);
			defaultConfigurationIsVisible = 0;
			defaultConfigurationName = Release;
		};
		4ACA1E0411D26DDD0072246E /* Build configuration list for PBXNativeTarget "SGMapKitDemoApp" */ = {
			isa = XCConfigurationList;
			buildConfigurations = (
				4ACA1E0211D26DDD0072246E /* Debug */,
				4ACA1E0311D26DDD0072246E /* Release */,
			);
			defaultConfigurationIsVisible = 0;
			defaultConfigurationName = Release;
		};
/* End XCConfigurationList section */
	};
	rootObject = 0867D690FE84028FC02AAC07 /* Project object */;
}
